
Microsoft Visual Studio Solution File, Format Version 12.00
Project("{FAE04EC0-301F-11D3-BF4B-00C04F79EFBC}") = "Task2", "Task2\Task2.csproj", "{096591B1-8731-411D-898A-417B2209BDA2}"
EndProject
Project("{FAE04EC0-301F-11D3-BF4B-00C04F79EFBC}") = "Task2.DataAccess.Sql", "Task2.DataAccess.Sql\Task2.DataAccess.Sql.csproj", "{E74E6A2B-1A98-4081-88E5-FF06908805E1}"
EndProject
Project("{FAE04EC0-301F-11D3-BF4B-00C04F79EFBC}") = "Task2.Contracts", "Task2.Contracts\Task2.Contracts.csproj", "{306C8994-FF9B-435A-868A-CFF7332B2859}"
EndProject
Project("{FAE04EC0-301F-11D3-BF4B-00C04F79EFBC}") = "Task2.Services", "Task2.Services\Task2.Services.csproj", "{C1460C99-D4AE-4870-8EF8-DC00C5D80342}"
EndProject
Project("{2150E333-8FDC-42A3-9474-1A3956D46DE8}") = "Task2", "Task2", "{2D47DA06-B9F9-4B5C-9DB9-018181DE8818}"
EndProject
Project("{FAE04EC0-301F-11D3-BF4B-00C04F79EFBC}") = "Task1", "Task1\Task1.csproj", "{A7993752-BAD6-4FE3-AE0E-2D54DEA7FAEA}"
EndProject
Global
	GlobalSection(SolutionConfigurationPlatforms) = preSolution
		Debug|Any CPU = Debug|Any CPU
		Release|Any CPU = Release|Any CPU
	EndGlobalSection
	GlobalSection(ProjectConfigurationPlatforms) = postSolution
		{096591B1-8731-411D-898A-417B2209BDA2}.Debug|Any CPU.ActiveCfg = Debug|Any CPU
		{096591B1-8731-411D-898A-417B2209BDA2}.Debug|Any CPU.Build.0 = Debug|Any CPU
		{096591B1-8731-411D-898A-417B2209BDA2}.Release|Any CPU.ActiveCfg = Release|Any CPU
		{096591B1-8731-411D-898A-417B2209BDA2}.Release|Any CPU.Build.0 = Release|Any CPU
		{E74E6A2B-1A98-4081-88E5-FF06908805E1}.Debug|Any CPU.ActiveCfg = Debug|Any CPU
		{E74E6A2B-1A98-4081-88E5-FF06908805E1}.Debug|Any CPU.Build.0 = Debug|Any CPU
		{E74E6A2B-1A98-4081-88E5-FF06908805E1}.Release|Any CPU.ActiveCfg = Release|Any CPU
		{E74E6A2B-1A98-4081-88E5-FF06908805E1}.Release|Any CPU.Build.0 = Release|Any CPU
		{306C8994-FF9B-435A-868A-CFF7332B2859}.Debug|Any CPU.ActiveCfg = Debug|Any CPU
		{306C8994-FF9B-435A-868A-CFF7332B2859}.Debug|Any CPU.Build.0 = Debug|Any CPU
		{306C8994-FF9B-435A-868A-CFF7332B2859}.Release|Any CPU.ActiveCfg = Release|Any CPU
		{306C8994-FF9B-435A-868A-CFF7332B2859}.Release|Any CPU.Build.0 = Release|Any CPU
		{C1460C99-D4AE-4870-8EF8-DC00C5D80342}.Debug|Any CPU.ActiveCfg = Debug|Any CPU
		{C1460C99-D4AE-4870-8EF8-DC00C5D80342}.Debug|Any CPU.Build.0 = Debug|Any CPU
		{C1460C99-D4AE-4870-8EF8-DC00C5D80342}.Release|Any CPU.ActiveCfg = Release|Any CPU
		{C1460C99-D4AE-4870-8EF8-DC00C5D80342}.Release|Any CPU.Build.0 = Release|Any CPU
		{A7993752-BAD6-4FE3-AE0E-2D54DEA7FAEA}.Debug|Any CPU.ActiveCfg = Debug|Any CPU
		{A7993752-BAD6-4FE3-AE0E-2D54DEA7FAEA}.Debug|Any CPU.Build.0 = Debug|Any CPU
		{A7993752-BAD6-4FE3-AE0E-2D54DEA7FAEA}.Release|Any CPU.ActiveCfg = Release|Any CPU
		{A7993752-BAD6-4FE3-AE0E-2D54DEA7FAEA}.Release|Any CPU.Build.0 = Release|Any CPU
	EndGlobalSection
	GlobalSection(NestedProjects) = preSolution
		{096591B1-8731-411D-898A-417B2209BDA2} = {2D47DA06-B9F9-4B5C-9DB9-018181DE8818}
		{306C8994-FF9B-435A-868A-CFF7332B2859} = {2D47DA06-B9F9-4B5C-9DB9-018181DE8818}
		{E74E6A2B-1A98-4081-88E5-FF06908805E1} = {2D47DA06-B9F9-4B5C-9DB9-018181DE8818}
		{C1460C99-D4AE-4870-8EF8-DC00C5D80342} = {2D47DA06-B9F9-4B5C-9DB9-018181DE8818}
	EndGlobalSection
EndGlobal
